Microsoft Visual Studio Solution File, Format Version 12.00
# Visual Studio 2012
Project("{FAE04EC0-301F-11D3-BF4B-00C04F79EFBC}") = "MannusWallPaper", "MannusWallPaper.csproj", "{D0E87068-EF6A-4F98-873A-AE08226182BB}"
EndProject
Project("{FAE04EC0-301F-11D3-BF4B-00C04F79EFBC}") = "MannusWallPaper.UnitTests", "..\MannusWallPaper.UnitTests\MannusWallPaper.UnitTests.csproj", "{37F8183A-FD61-4519-B917-80B422283AE0}"
EndProject
Global
	GlobalSection(SolutionConfigurationPlatforms) = preSolution
		Debug|Any CPU = Debug|Any CPU
		Release|Any CPU = Release|Any CPU
	EndGlobalSection
	GlobalSection(ProjectConfigurationPlatforms) = postSolution
		{D0E87068-EF6A-4F98-873A-AE08226182BB}.Debug|Any CPU.ActiveCfg = Debug|Any CPU
		{D0E87068-EF6A-4F98-873A-AE08226182BB}.Debug|Any CPU.Build.0 = Debug|Any CPU
		{D0E87068-EF6A-4F98-873A-AE08226182BB}.Release|Any CPU.ActiveCfg = Release|Any CPU
		{D0E87068-EF6A-4F98-873A-AE08226182BB}.Release|Any CPU.Build.0 = Release|Any CPU
		{37F8183A-FD61-4519-B917-80B422283AE0}.Debug|Any CPU.ActiveCfg = Debug|Any CPU
		{37F8183A-FD61-4519-B917-80B422283AE0}.Debug|Any CPU.Build.0 = Debug|Any CPU
		{37F8183A-FD61-4519-B917-80B422283AE0}.Release|Any CPU.ActiveCfg = Release|Any CPU
		{37F8183A-FD61-4519-B917-80B422283AE0}.Release|Any CPU.Build.0 = Release|Any CPU
	EndGlobalSection
	GlobalSection(SolutionProperties) = preSolution
		HideSolutionNode = FALSE
	EndGlobalSection
EndGlobal
